PODS:
  - MBProgressHUD (1.2.0)
  - SQFeedbackGenerator (0.1.1)

DEPENDENCIES:
  - MBProgressHUD
  - SQFeedbackGenerator

SPEC REPOS:
  trunk:
    - MBProgressHUD
    - SQFeedbackGenerator

SPEC CHECKSUMS:
  MBProgressHUD: 3ee5efcc380f6a79a7cc9b363dd669c5e1ae7406
  SQFeedbackGenerator: 007356526d4a45da5251505c91687a3743b58a00

PODFILE CHECKSUM: cb497d7c1f3339a47219156f6a0cd9153cc05b2a

COCOAPODS: 1.12.0
